
Microsoft Visual Studio Solution File, Format Version 12.00
# Visual Studio Version 17
VisualStudioVersion = 17.10.35004.147
MinimumVisualStudioVersion = 10.0.40219.1
Project("{FAE04EC0-301F-11D3-BF4B-00C04F79EFBC}") = "Assignment4", "Assignment4.csproj", "{FA99AC6C-F9A5-41F1-AAE7-030BEE7FE225}"
EndProject
Global
	GlobalSection(SolutionConfigurationPlatforms) = preSolution
		Debug|Any CPU = Debug|Any CPU
		Release|Any CPU = Release|Any CPU
	EndGlobalSection
	GlobalSection(ProjectConfigurationPlatforms) = postSolution
		{FA99AC6C-F9A5-41F1-AAE7-030BEE7FE225}.Debug|Any CPU.ActiveCfg = Debug|Any CPU
		{FA99AC6C-F9A5-41F1-AAE7-030BEE7FE225}.Debug|Any CPU.Build.0 = Debug|Any CPU
		{FA99AC6C-F9A5-41F1-AAE7-030BEE7FE225}.Release|Any CPU.ActiveCfg = Release|Any CPU
		{FA99AC6C-F9A5-41F1-AAE7-030BEE7FE225}.Release|Any CPU.Build.0 = Release|Any CPU
	EndGlobalSection
	GlobalSection(SolutionProperties) = preSolution
		HideSolutionNode = FALSE
	EndGlobalSection
	GlobalSection(ExtensibilityGlobals) = postSolution
		SolutionGuid = {208ED17C-ACB7-4600-B6E2-B2B5EC374BBA}
	EndGlobalSection
EndGlobal
