
Microsoft Visual Studio Solution File, Format Version 12.00
# Visual Studio Version 17
VisualStudioVersion = 17.10.35004.147
MinimumVisualStudioVersion = 10.0.40219.1
Project("{9A19103F-16F7-4668-BE54-9A1E7A4F7556}") = "MovieWebApp", "MovieApp\MovieWebApp.csproj", "{B18C2A84-FB88-4B58-AD23-D3FD0B9E805F}"
EndProject
Project("{9A19103F-16F7-4668-BE54-9A1E7A4F7556}") = "ApplicationCore", "ApplicationCore\ApplicationCore.csproj", "{726F1F04-9D54-4E19-9994-1BD5468AC397}"
EndProject
Project("{9A19103F-16F7-4668-BE54-9A1E7A4F7556}") = "Infrastructure", "Infrastructure\Infrastructure.csproj", "{14BCD165-00D1-402C-898E-5F25898E47C2}"
EndProject
Global
	GlobalSection(SolutionConfigurationPlatforms) = preSolution
		Debug|Any CPU = Debug|Any CPU
		Release|Any CPU = Release|Any CPU
	EndGlobalSection
	GlobalSection(ProjectConfigurationPlatforms) = postSolution
		{B18C2A84-FB88-4B58-AD23-D3FD0B9E805F}.Debug|Any CPU.ActiveCfg = Debug|Any CPU
		{B18C2A84-FB88-4B58-AD23-D3FD0B9E805F}.Debug|Any CPU.Build.0 = Debug|Any CPU
		{B18C2A84-FB88-4B58-AD23-D3FD0B9E805F}.Release|Any CPU.ActiveCfg = Release|Any CPU
		{B18C2A84-FB88-4B58-AD23-D3FD0B9E805F}.Release|Any CPU.Build.0 = Release|Any CPU
		{726F1F04-9D54-4E19-9994-1BD5468AC397}.Debug|Any CPU.ActiveCfg = Debug|Any CPU
		{726F1F04-9D54-4E19-9994-1BD5468AC397}.Debug|Any CPU.Build.0 = Debug|Any CPU
		{726F1F04-9D54-4E19-9994-1BD5468AC397}.Release|Any CPU.ActiveCfg = Release|Any CPU
		{726F1F04-9D54-4E19-9994-1BD5468AC397}.Release|Any CPU.Build.0 = Release|Any CPU
		{14BCD165-00D1-402C-898E-5F25898E47C2}.Debug|Any CPU.ActiveCfg = Debug|Any CPU
		{14BCD165-00D1-402C-898E-5F25898E47C2}.Debug|Any CPU.Build.0 = Debug|Any CPU
		{14BCD165-00D1-402C-898E-5F25898E47C2}.Release|Any CPU.ActiveCfg = Release|Any CPU
		{14BCD165-00D1-402C-898E-5F25898E47C2}.Release|Any CPU.Build.0 = Release|Any CPU
	EndGlobalSection
	GlobalSection(SolutionProperties) = preSolution
		HideSolutionNode = FALSE
	EndGlobalSection
	GlobalSection(ExtensibilityGlobals) = postSolution
		SolutionGuid = {B8F70A7A-F12D-4FBE-8DD7-978AFAE82EF8}
	EndGlobalSection
EndGlobal
